
Microsoft Visual Studio Solution File, Format Version 12.00
# Visual Studio Version 17
VisualStudioVersion = 17.6.33815.320
MinimumVisualStudioVersion = 10.0.40219.1
Project("{FAE04EC0-301F-11D3-BF4B-00C04F79EFBC}") = "fib", "fib\fib.csproj", "{1777C2DF-24F4-43FA-A694-3D91E26E13A5}"
EndProject
Global
	GlobalSection(SolutionConfigurationPlatforms) = preSolution
		Debug|Any CPU = Debug|Any CPU
		Release|Any CPU = Release|Any CPU
	EndGlobalSection
	GlobalSection(ProjectConfigurationPlatforms) = postSolution
		{1777C2DF-24F4-43FA-A694-3D91E26E13A5}.Debug|Any CPU.ActiveCfg = Debug|Any CPU
		{1777C2DF-24F4-43FA-A694-3D91E26E13A5}.Debug|Any CPU.Build.0 = Debug|Any CPU
		{1777C2DF-24F4-43FA-A694-3D91E26E13A5}.Release|Any CPU.ActiveCfg = Release|Any CPU
		{1777C2DF-24F4-43FA-A694-3D91E26E13A5}.Release|Any CPU.Build.0 = Release|Any CPU
	EndGlobalSection
	GlobalSection(SolutionProperties) = preSolution
		HideSolutionNode = FALSE
	EndGlobalSection
	GlobalSection(ExtensibilityGlobals) = postSolution
		SolutionGuid = {66F65162-2091-4808-83B2-0ECD0008CE26}
	EndGlobalSection
EndGlobal
